{
  "version": "4",
  "specifiers": {
    "jsr:@elsoul/child-process@*": "1.1.0",
    "jsr:@std/assert@1": "1.0.8",
    "jsr:@std/dotenv@0.225.2": "0.225.2",
    "jsr:@std/internal@^1.0.5": "1.0.5",
    "jsr:@std/text@1.0.8": "1.0.8",
    "npm:@solana/web3.js@2.0.0": "2.0.0_typescript@5.6.3",
    "npm:@types/node@*": "22.5.4"
  },
  "jsr": {
    "@elsoul/child-process@1.1.0": {
      "integrity": "930ae3e764d7cef53adce413d09b440493aae6849689ff49d5d6102764386fe0"
    },
    "@std/assert@1.0.8": {
      "integrity": "ebe0bd7eb488ee39686f77003992f389a06c3da1bbd8022184804852b2fa641b",
      "dependencies": [
        "jsr:@std/internal"
      ]
    },
    "@std/dotenv@0.225.2": {
      "integrity": "e2025dce4de6c7bca21dece8baddd4262b09d5187217e231b033e088e0c4dd23"
    },
    "@std/internal@1.0.5": {
      "integrity": "54a546004f769c1ac9e025abd15a76b6671ddc9687e2313b67376125650dc7ba"
    },
    "@std/text@1.0.8": {
      "integrity": "40ba34caa095f393e78796e5eda37b8b4e2cc6cfd6f51f34658ad7487b1451e4"
    }
  },
  "npm": {
    "@solana/accounts@2.0.0_typescript@5.6.3": {
      "integrity": "sha512-1CE4P3QSDH5x+ZtSthMY2mn/ekROBnlT3/4f3CHDJicDvLQsgAq2yCvGHsYkK3ZA0mxhFLuhJVjuKASPnmG1rQ==",
      "dependencies": [
        "@solana/addresses",
        "@solana/codecs-core",
        "@solana/codecs-strings",
        "@solana/errors",
        "@solana/rpc-spec",
        "@solana/rpc-types",
        "typescript"
      ]
    },
    "@solana/addresses@2.0.0_typescript@5.6.3": {
      "integrity": "sha512-8n3c/mUlH1/z+pM8e7OJ6uDSXw26Be0dgYiokiqblO66DGQ0d+7pqFUFZ5pEGjJ9PU2lDTSfY8rHf4cemOqwzQ==",
      "dependencies": [
        "@solana/assertions",
        "@solana/codecs-core",
        "@solana/codecs-strings",
        "@solana/errors",
        "typescript"
      ]
    },
    "@solana/assertions@2.0.0_typescript@5.6.3": {
      "integrity": "sha512-NyPPqZRNGXs/GAjfgsw7YS6vCTXWt4ibXveS+ciy5sdmp/0v3pA6DlzYjleF9Sljrew0IiON15rjaXamhDxYfQ==",
      "dependencies": [
        "@solana/errors",
        "typescript"
      ]
    },
    "@solana/codecs-core@2.0.0_typescript@5.6.3": {
      "integrity": "sha512-qCG+3hDU5Pm8V6joJjR4j4Zv9md1z0RaecniNDIkEglnxmOUODnmPLWbtOjnDylfItyuZeDihK8hkewdj8cUtw==",
      "dependencies": [
        "@solana/errors",
        "typescript"
      ]
    },
    "@solana/codecs-data-structures@2.0.0_typescript@5.6.3": {
      "integrity": "sha512-N98Y4jsrC/XeOgqrfsGqcOFIaOoMsKdAxOmy5oqVaEN67YoGSLNC9ROnqamOAOrsZdicTWx9/YLKFmQi9DPh1A==",
      "dependencies": [
        "@solana/codecs-core",
        "@solana/codecs-numbers",
        "@solana/errors",
        "typescript"
      ]
    },
    "@solana/codecs-numbers@2.0.0_typescript@5.6.3": {
      "integrity": "sha512-r66i7VzJO1MZkQWZIAI6jjJOFVpnq0+FIabo2Z2ZDtrArFus/SbSEv543yCLeD2tdR/G/p+1+P5On10qF50Y1Q==",
      "dependencies": [
        "@solana/codecs-core",
        "@solana/errors",
        "typescript"
      ]
    },
    "@solana/codecs-strings@2.0.0_fastestsmallesttextencoderdecoder@1.0.22_typescript@5.6.3": {
      "integrity": "sha512-dNqeCypsvaHcjW86H0gYgAZGGkKVBeKVeh7WXlOZ9kno7PeQ2wNkpccyzDfuzaIsKv+HZUD3v/eo86GCvnKazQ==",
      "dependencies": [
        "@solana/codecs-core",
        "@solana/codecs-numbers",
        "@solana/errors",
        "fastestsmallesttextencoderdecoder",
        "typescript"
      ]
    },
    "@solana/codecs@2.0.0_typescript@5.6.3": {
      "integrity": "sha512-xneIG5ppE6WIGaZCK7JTys0uLhzlnEJUdBO8nRVIyerwH6aqCfb0fGe7q5WNNYAVDRSxC0Pc1TDe1hpdx3KWmQ==",
      "dependencies": [
        "@solana/codecs-core",
        "@solana/codecs-data-structures",
        "@solana/codecs-numbers",
        "@solana/codecs-strings",
        "@solana/options",
        "typescript"
      ]
    },
    "@solana/errors@2.0.0_typescript@5.6.3": {
      "integrity": "sha512-IHlaPFSy4lvYco1oHJ3X8DbchWwAwJaL/4wZKnF1ugwZ0g0re8wbABrqNOe/jyZ84VU9Z14PYM8W9oDAebdJbw==",
      "dependencies": [
        "chalk",
        "commander",
        "typescript"
      ]
    },
    "@solana/fast-stable-stringify@2.0.0_typescript@5.6.3": {
      "integrity": "sha512-EsIx9z+eoxOmC+FpzhEb+H67CCYTbs/omAqXD4EdEYnCHWrI1li1oYBV+NoKzfx8fKlX+nzNB7S/9kc4u7Etpw==",
      "dependencies": [
        "typescript"
      ]
    },
    "@solana/functional@2.0.0_typescript@5.6.3": {
      "integrity": "sha512-Sj+sLiUTimnMEyGnSLGt0lbih2xPDUhxhonnrIkPwA+hjQ3ULGHAxeevHU06nqiVEgENQYUJ5rCtHs4xhUFAkQ==",
      "dependencies": [
        "typescript"
      ]
    },
    "@solana/instructions@2.0.0_typescript@5.6.3": {
      "integrity": "sha512-MiTEiNF7Pzp+Y+x4yadl2VUcNHboaW5WP52psBuhHns3GpbbruRv5efMpM9OEQNe1OsN+Eg39vjEidX55+P+DQ==",
      "dependencies": [
        "@solana/errors",
        "typescript"
      ]
    },
    "@solana/keys@2.0.0_typescript@5.6.3": {
      "integrity": "sha512-SSLSX8BXRvfLKBqsmBghmlhMKpwHeWd5CHi5zXgTS1BRrtiU6lcrTVC9ie6B+WaNNq7oe3e6K5bdbhu3fFZ+0g==",
      "dependencies": [
        "@solana/assertions",
        "@solana/codecs-core",
        "@solana/codecs-strings",
        "@solana/errors",
        "typescript"
      ]
    },
    "@solana/options@2.0.0_typescript@5.6.3": {
      "integrity": "sha512-OVc4KnYosB8oAukQ/htgrxXSxlUP6gUu5Aau6d/BgEkPQzWd/Pr+w91VWw3i3zZuu2SGpedbyh05RoJBe/hSXA==",
      "dependencies": [
        "@solana/codecs-core",
        "@solana/codecs-data-structures",
        "@solana/codecs-numbers",
        "@solana/codecs-strings",
        "@solana/errors",
        "typescript"
      ]
    },
    "@solana/programs@2.0.0_typescript@5.6.3": {
      "integrity": "sha512-JPIKB61pWfODnsvEAaPALc6vR5rn7kmHLpFaviWhBtfUlEVgB8yVTR0MURe4+z+fJCPRV5wWss+svA4EeGDYzQ==",
      "dependencies": [
        "@solana/addresses",
        "@solana/errors",
        "typescript"
      ]
    },
    "@solana/promises@2.0.0_typescript@5.6.3": {
      "integrity": "sha512-4teQ52HDjK16ORrZe1zl+Q9WcZdQ+YEl0M1gk59XG7D0P9WqaVEQzeXGnKSCs+Y9bnB1u5xCJccwpUhHYWq6gg==",
      "dependencies": [
        "typescript"
      ]
    },
    "@solana/rpc-api@2.0.0_typescript@5.6.3": {
      "integrity": "sha512-1FwitYxwADMF/6zKP2kNXg8ESxB6GhNBNW1c4f5dEmuXuBbeD/enLV3WMrpg8zJkIaaYarEFNbt7R7HyFzmURQ==",
      "dependencies": [
        "@solana/addresses",
        "@solana/codecs-core",
        "@solana/codecs-strings",
        "@solana/errors",
        "@solana/keys",
        "@solana/rpc-parsed-types",
        "@solana/rpc-spec",
        "@solana/rpc-transformers",
        "@solana/rpc-types",
        "@solana/transaction-messages",
        "@solana/transactions",
        "typescript"
      ]
    },
    "@solana/rpc-parsed-types@2.0.0_typescript@5.6.3": {
      "integrity": "sha512-VCeY/oKVEtBnp8EDOc5LSSiOeIOLFIgLndcxqU0ij/cZaQ01DOoHbhluvhZtU80Z3dUeicec8TiMgkFzed+WhQ==",
      "dependencies": [
        "typescript"
      ]
    },
    "@solana/rpc-spec-types@2.0.0_typescript@5.6.3": {
      "integrity": "sha512-G2lmhFhgtxMQd/D6B04BHGE7bm5dMZdIPQNOqVGhzNAVjrmyapD3JN2hKAbmaYPe97wLfZERw0Ux1u4Y6q7TqA==",
      "dependencies": [
        "typescript"
      ]
    },
    "@solana/rpc-spec@2.0.0_typescript@5.6.3": {
      "integrity": "sha512-1uIDzj7vocCUqfOifjv1zAuxQ53ugiup/42edVFoQLOnJresoEZLL6WjnsJq4oCTccEAvGhUBI1WWKeZTGNxFQ==",
      "dependencies": [
        "@solana/errors",
        "@solana/rpc-spec-types",
        "typescript"
      ]
    },
    "@solana/rpc-subscriptions-api@2.0.0_typescript@5.6.3": {
      "integrity": "sha512-NAJQvSFXYIIf8zxsMFBCkSbZNZgT32pzPZ1V6ZAd+U2iDEjx3L+yFwoJgfOcHp8kAV+alsF2lIsGBlG4u+ehvw==",
      "dependencies": [
        "@solana/addresses",
        "@solana/keys",
        "@solana/rpc-subscriptions-spec",
        "@solana/rpc-transformers",
        "@solana/rpc-types",
        "@solana/transaction-messages",
        "@solana/transactions",
        "typescript"
      ]
    },
    "@solana/rpc-subscriptions-channel-websocket@2.0.0_typescript@5.6.3_ws@8.18.0": {
      "integrity": "sha512-hSQDZBmcp2t+gLZsSBqs/SqVw4RuNSC7njiP46azyzW7oGg8X2YPV36AHGsHD12KPsc0UpT1OAZ4+AN9meVKww==",
      "dependencies": [
        "@solana/errors",
        "@solana/functional",
        "@solana/rpc-subscriptions-spec",
        "@solana/subscribable",
        "typescript",
        "ws"
      ]
    },
    "@solana/rpc-subscriptions-spec@2.0.0_typescript@5.6.3": {
      "integrity": "sha512-VXMiI3fYtU1PkVVTXL87pcY48ZY8aCi1N6FqtxSP2xg/GASL01j1qbwyIL1OvoCqGyRgIxdd/YfaByW9wmWBhA==",
      "dependencies": [
        "@solana/errors",
        "@solana/promises",
        "@solana/rpc-spec-types",
        "@solana/subscribable",
        "typescript"
      ]
    },
    "@solana/rpc-subscriptions@2.0.0_typescript@5.6.3": {
      "integrity": "sha512-AdwMJHMrhlj7q1MPjZmVcKq3iLqMW3N0MT8kzIAP2vP+8o/d6Fn4aqGxoz2Hlfn3OYIZoYStN2VBtwzbcfEgMA==",
      "dependencies": [
        "@solana/errors",
        "@solana/fast-stable-stringify",
        "@solana/functional",
        "@solana/promises",
        "@solana/rpc-spec-types",
        "@solana/rpc-subscriptions-api",
        "@solana/rpc-subscriptions-channel-websocket",
        "@solana/rpc-subscriptions-spec",
        "@solana/rpc-transformers",
        "@solana/rpc-types",
        "@solana/subscribable",
        "typescript"
      ]
    },
    "@solana/rpc-transformers@2.0.0_typescript@5.6.3": {
      "integrity": "sha512-H6tN0qcqzUangowsLLQtYXKJsf1Roe3/qJ1Cy0gv9ojY9uEvNbJqpeEj+7blv0MUZfEe+rECAwBhxxRKPMhYGw==",
      "dependencies": [
        "@solana/errors",
        "@solana/functional",
        "@solana/rpc-spec-types",
        "@solana/rpc-types",
        "typescript"
      ]
    },
    "@solana/rpc-transport-http@2.0.0_typescript@5.6.3": {
      "integrity": "sha512-UJLhKhhxDd1OPi8hb2AenHsDm1mofCBbhWn4bDCnH2Q3ulwYadUhcNqNbxjJPQ774VNhAf53SSI5A6PQo8IZSQ==",
      "dependencies": [
        "@solana/errors",
        "@solana/rpc-spec",
        "@solana/rpc-spec-types",
        "typescript",
        "undici-types@6.20.0"
      ]
    },
    "@solana/rpc-types@2.0.0_typescript@5.6.3": {
      "integrity": "sha512-o1ApB9PYR0A3XjVSOh//SOVWgjDcqMlR3UNmtqciuREIBmWqnvPirdOa5EJxD3iPhfA4gnNnhGzT+tMDeDW/Kw==",
      "dependencies": [
        "@solana/addresses",
        "@solana/codecs-core",
        "@solana/codecs-numbers",
        "@solana/codecs-strings",
        "@solana/errors",
        "typescript"
      ]
    },
    "@solana/rpc@2.0.0_typescript@5.6.3": {
      "integrity": "sha512-TumQ9DFRpib/RyaIqLVfr7UjqSo7ldfzpae0tgjM93YjbItB4Z0VcUXc3uAFvkeYw2/HIMb46Zg43mkUwozjDg==",
      "dependencies": [
        "@solana/errors",
        "@solana/fast-stable-stringify",
        "@solana/functional",
        "@solana/rpc-api",
        "@solana/rpc-spec",
        "@solana/rpc-spec-types",
        "@solana/rpc-transformers",
        "@solana/rpc-transport-http",
        "@solana/rpc-types",
        "typescript"
      ]
    },
    "@solana/signers@2.0.0_typescript@5.6.3": {
      "integrity": "sha512-JEYJS3x/iKkqPV/3b1nLpX9lHib21wQKV3fOuu1aDLQqmX9OYKrnIIITYdnFDhmvGhpEpkkbPnqu7yVaFIBYsQ==",
      "dependencies": [
        "@solana/addresses",
        "@solana/codecs-core",
        "@solana/errors",
        "@solana/instructions",
        "@solana/keys",
        "@solana/transaction-messages",
        "@solana/transactions",
        "typescript"
      ]
    },
    "@solana/subscribable@2.0.0_typescript@5.6.3": {
      "integrity": "sha512-Ex7d2GnTSNVMZDU3z6nKN4agRDDgCgBDiLnmn1hmt0iFo3alr3gRAqiqa7qGouAtYh9/29pyc8tVJCijHWJPQQ==",
      "dependencies": [
        "@solana/errors",
        "typescript"
      ]
    },
    "@solana/sysvars@2.0.0_typescript@5.6.3": {
      "integrity": "sha512-8D4ajKcCYQsTG1p4k30lre2vjxLR6S5MftUGJnIaQObDCzGmaeA9GRti4Kk4gSPWVYFTBoj1ASx8EcEXaB3eIQ==",
      "dependencies": [
        "@solana/accounts",
        "@solana/codecs",
        "@solana/errors",
        "@solana/rpc-types",
        "typescript"
      ]
    },
    "@solana/transaction-confirmation@2.0.0_typescript@5.6.3": {
      "integrity": "sha512-JkTw5gXLiqQjf6xK0fpVcoJ/aMp2kagtFSD/BAOazdJ3UYzOzbzqvECt6uWa3ConcMswQ2vXalVtI7ZjmYuIeg==",
      "dependencies": [
        "@solana/addresses",
        "@solana/codecs-strings",
        "@solana/errors",
        "@solana/keys",
        "@solana/promises",
        "@solana/rpc",
        "@solana/rpc-subscriptions",
        "@solana/rpc-types",
        "@solana/transaction-messages",
        "@solana/transactions",
        "typescript"
      ]
    },
    "@solana/transaction-messages@2.0.0_typescript@5.6.3": {
      "integrity": "sha512-Uc6Fw1EJLBrmgS1lH2ZfLAAKFvprWPQQzOVwZS78Pv8Whsk7tweYTK6S0Upv0nHr50rGpnORJfmdBrXE6OfNGg==",
      "dependencies": [
        "@solana/addresses",
        "@solana/codecs-core",
        "@solana/codecs-data-structures",
        "@solana/codecs-numbers",
        "@solana/errors",
        "@solana/functional",
        "@solana/instructions",
        "@solana/rpc-types",
        "typescript"
      ]
    },
    "@solana/transactions@2.0.0_typescript@5.6.3": {
      "integrity": "sha512-VfdTE+59WKvuBG//6iE9RPjAB+ZT2kLgY2CDHabaz6RkH6OjOkMez9fWPVa3Xtcus+YQWN1SnQoryjF/xSx04w==",
      "dependencies": [
        "@solana/addresses",
        "@solana/codecs-core",
        "@solana/codecs-data-structures",
        "@solana/codecs-numbers",
        "@solana/codecs-strings",
        "@solana/errors",
        "@solana/functional",
        "@solana/instructions",
        "@solana/keys",
        "@solana/rpc-types",
        "@solana/transaction-messages",
        "typescript"
      ]
    },
    "@solana/web3.js@2.0.0_typescript@5.6.3": {
      "integrity": "sha512-x+ZRB2/r5tVK/xw8QRbAfgPcX51G9f2ifEyAQ/J5npOO+6+MPeeCjtr5UxHNDAYs9Ypo0PN+YJATCO4vhzQJGg==",
      "dependencies": [
        "@solana/accounts",
        "@solana/addresses",
        "@solana/codecs",
        "@solana/errors",
        "@solana/functional",
        "@solana/instructions",
        "@solana/keys",
        "@solana/programs",
        "@solana/rpc",
        "@solana/rpc-parsed-types",
        "@solana/rpc-spec-types",
        "@solana/rpc-subscriptions",
        "@solana/rpc-types",
        "@solana/signers",
        "@solana/sysvars",
        "@solana/transaction-confirmation",
        "@solana/transaction-messages",
        "@solana/transactions",
        "typescript"
      ]
    },
    "@types/node@22.5.4": {
      "integrity": "sha512-FDuKUJQm/ju9fT/SeX/6+gBzoPzlVCzfzmGkwKvRHQVxi4BntVbyIwf6a4Xn62mrvndLiml6z/UBXIdEVjQLXg==",
      "dependencies": [
        "undici-types@6.19.8"
      ]
    },
    "chalk@5.3.0": {
      "integrity": "sha512-dLitG79d+GV1Nb/VYcCDFivJeK1hiukt9QjRNVOsUtTy1rR1YJsmpGGTZ3qJos+uw7WmWF4wUwBd9jxjocFC2w=="
    },
    "commander@12.1.0": {
      "integrity": "sha512-Vw8qHK3bZM9y/P10u3Vib8o/DdkvA2OtPtZvD871QKjy74Wj1WSKFILMPRPSdUSx5RFK1arlJzEtA4PkFgnbuA=="
    },
    "fastestsmallesttextencoderdecoder@1.0.22": {
      "integrity": "sha512-Pb8d48e+oIuY4MaM64Cd7OW1gt4nxCHs7/ddPPZ/Ic3sg8yVGM7O9wDvZ7us6ScaUupzM+pfBolwtYhN1IxBIw=="
    },
    "typescript@5.6.3": {
      "integrity": "sha512-hjcS1mhfuyi4WW8IWtjP7brDrG2cuDZukyrYrSauoXGNgx0S7zceP07adYkJycEr56BOUTNPzbInooiN3fn1qw=="
    },
    "undici-types@6.19.8": {
      "integrity": "sha512-ve2KP6f/JnbPBFyobGHuerC9g1FYGn/F8n1LWTwNxCEzd6IfqTwUQcNXgEtmmQ6DlRrC1hrSrBnCZPokRrDHjw=="
    },
    "undici-types@6.20.0": {
      "integrity": "sha512-Ny6QZ2Nju20vw1SRHe3d9jVu6gJ+4e3+MMpqu7pqE5HT6WsTSlce++GQmK5UXS8mzV8DSYHrQH+Xrf2jVcuKNg=="
    },
    "ws@8.18.0": {
      "integrity": "sha512-8VbfWfHLbbwu3+N6OKsOMpBdT4kXPDDB9cJk2bJ6mh9ucxdlnNvH1e+roYkKmN9Nxw2yjz7VzeO9oOz2zJ04Pw=="
    }
  },
  "remote": {
    "https://deno.land/std@0.221.0/assert/assert.ts": "bec068b2fccdd434c138a555b19a2c2393b71dfaada02b7d568a01541e67cdc5",
    "https://deno.land/std@0.221.0/assert/assertion_error.ts": "9f689a101ee586c4ce92f52fa7ddd362e86434ffdf1f848e45987dc7689976b8",
    "https://deno.land/std@0.221.0/console/_data.json": "cf2cc9d039a192b3adbfe64627167c7e6212704c888c25c769fc8f1709e1e1b8",
    "https://deno.land/std@0.221.0/console/_run_length.ts": "7da8642a0f4f41ac27c0adb1364e18886be856c1d08c5cce6c6b5c00543c8722",
    "https://deno.land/std@0.221.0/console/unicode_width.ts": "d92f085c0ab9c7ab171e4e7862dfd9d3a36ffd369939be5d3e1140ec58bc820f",
    "https://deno.land/std@0.221.0/fmt/colors.ts": "d239d84620b921ea520125d778947881f62c50e78deef2657073840b8af9559a",
    "https://deno.land/std@0.221.0/text/closest_string.ts": "8a91ee8b6d69ff96addcb7c251dad53b476ac8be9c756a0ef786abe9e13a93a5",
    "https://deno.land/std@0.221.0/text/levenshtein_distance.ts": "24be5cc88326bbba83ca7c1ea89259af0050cffda2817ff3a6d240ad6495eae2",
    "https://deno.land/x/cliffy@v1.0.0-rc.4/ansi/colors.ts": "21c6702197d0871c700279d22fc54e4b15152be4ece1f433d6714595b018d265",
    "https://deno.land/x/cliffy@v1.0.0-rc.4/command/_argument_types.ts": "ab269dacea2030f865a07c2a1e953ec437a64419a05bad1f1ddaab3f99752ead",
    "https://deno.land/x/cliffy@v1.0.0-rc.4/command/_errors.ts": "d78e1b4d69d84b8b476b5f3c0b028e3906d48f21b8f1ca1d36d5abe9ccfe48bc",
    "https://deno.land/x/cliffy@v1.0.0-rc.4/command/_spread.ts": "0cc6eb70a6df97b5d7d26008822d39f3e8a1232ee0a27f395aa19e68de738245",
    "https://deno.land/x/cliffy@v1.0.0-rc.4/command/_type_utils.ts": "820004a59bc858e355b11f80e5b3ff1be2c87e66f31f53f253610170795602f0",
    "https://deno.land/x/cliffy@v1.0.0-rc.4/command/_utils.ts": "fa0e88cc4215b18554a7308e8e2ae3a12be0fb91c54d1473c54c530dbd4adfcb",
    "https://deno.land/x/cliffy@v1.0.0-rc.4/command/command.ts": "83cbece11c1459d5bc5add32c3cad0bf49e92c4ddd3ef00f22f80efdae30994e",
    "https://deno.land/x/cliffy@v1.0.0-rc.4/command/completions/_bash_completions_generator.ts": "0c6cb1df4d378d22f001155781d97a9c3519fd10c48187a198fef2cc63b0f84a",
    "https://deno.land/x/cliffy@v1.0.0-rc.4/command/completions/_fish_completions_generator.ts": "8ba4455f7f76a756e05c3db4ce35332b2951af65a2891f2750b530e06880f495",
    "https://deno.land/x/cliffy@v1.0.0-rc.4/command/completions/_zsh_completions_generator.ts": "9df79fbac17a32b9645d01628c41a2bfd295d7976b87b0ae235f50a9c8975fbc",
    "https://deno.land/x/cliffy@v1.0.0-rc.4/command/completions/bash.ts": "53fe78994eb2359110dc4fa79235bdd86800a38c1d6b1c4fe673c81756f3a0e2",
    "https://deno.land/x/cliffy@v1.0.0-rc.4/command/completions/complete.ts": "58df61caa5e6220ff2768636a69337923ad9d4b8c1932aeb27165081c4d07d8b",
    "https://deno.land/x/cliffy@v1.0.0-rc.4/command/completions/completions_command.ts": "506f97f1c6b0b1c3e9956e5069070028b818942310600d4157f64c9b644d3c49",
    "https://deno.land/x/cliffy@v1.0.0-rc.4/command/completions/fish.ts": "6f0b44b4067740b2931c9ec8863b6619b1d3410fea0c5a3988525a4c53059197",
    "https://deno.land/x/cliffy@v1.0.0-rc.4/command/completions/mod.ts": "8dda715ca25f3f66d5ec232b76d7c9a96dd4c64b5029feff91738cc0c9586fb1",
    "https://deno.land/x/cliffy@v1.0.0-rc.4/command/completions/zsh.ts": "f1263c3946975e090d4aadc8681db811d86b52a8ae680f246e03248025885c21",
    "https://deno.land/x/cliffy@v1.0.0-rc.4/command/deprecated.ts": "bbe6670f1d645b773d04b725b8b8e7814c862c9f1afba460c4d599ffe9d4983c",
    "https://deno.land/x/cliffy@v1.0.0-rc.4/command/deps.ts": "a58ea2fa4e2ed9b39bb8dd8c35dd0498c74f05392517ff230a9a4d04c4c766b7",
    "https://deno.land/x/cliffy@v1.0.0-rc.4/command/help/_help_generator.ts": "98619da83ff25523280a6fdcad89af3f13a6fafefc81b71f8230f3344b5ff2c5",
    "https://deno.land/x/cliffy@v1.0.0-rc.4/command/help/help_command.ts": "fbbf0c0827dd21d3cec7bcc68c00c20b55f53e2b621032891b9d23ac4191231c",
    "https://deno.land/x/cliffy@v1.0.0-rc.4/command/help/mod.ts": "8369b292761dcc9ddaf41f2d34bfb06fb6800b69efe80da4fc9752c3b890275b",
    "https://deno.land/x/cliffy@v1.0.0-rc.4/command/mod.ts": "4b708df1b97152522bee0e3828f06abbbc1d2250168910e5cf454950d7b7404b",
    "https://deno.land/x/cliffy@v1.0.0-rc.4/command/type.ts": "f588f5d9635b79100044e62aced4b00e510e75b83801f9b089c40c2d98674de2",
    "https://deno.land/x/cliffy@v1.0.0-rc.4/command/types.ts": "bc9ff7459b9cc1079eeb95ff101690a51b4b4afa4af5623340076ee361d08dbb",
    "https://deno.land/x/cliffy@v1.0.0-rc.4/command/types/action_list.ts": "33c98d449617c7a563a535c9ceb3741bde9f6363353fd492f90a74570c611c27",
    "https://deno.land/x/cliffy@v1.0.0-rc.4/command/types/boolean.ts": "3879ec16092b4b5b1a0acb8675f8c9250c0b8a972e1e4c7adfba8335bd2263ed",
    "https://deno.land/x/cliffy@v1.0.0-rc.4/command/types/child_command.ts": "f1fca390c7fbfa7a713ca15ef55c2c7656bcbb394d50e8ef54085bdf6dc22559",
    "https://deno.land/x/cliffy@v1.0.0-rc.4/command/types/command.ts": "325d0382e383b725fd8d0ef34ebaeae082c5b76a1f6f2e843fee5dbb1a4fe3ac",
    "https://deno.land/x/cliffy@v1.0.0-rc.4/command/types/enum.ts": "8a7cd2898e03089234083bb78c8b1d9b7172254c53c32d4710321638165a48ec",
    "https://deno.land/x/cliffy@v1.0.0-rc.4/command/types/file.ts": "8618f16ac9015c8589cbd946b3de1988cc4899b90ea251f3325c93c46745140e",
    "https://deno.land/x/cliffy@v1.0.0-rc.4/command/types/integer.ts": "29864725fd48738579d18123d7ee78fed37515e6dc62146c7544c98a82f1778d",
    "https://deno.land/x/cliffy@v1.0.0-rc.4/command/types/number.ts": "aeba96e6f470309317a16b308c82e0e4138a830ec79c9877e4622c682012bc1f",
    "https://deno.land/x/cliffy@v1.0.0-rc.4/command/types/string.ts": "e4dadb08a11795474871c7967beab954593813bb53d9f69ea5f9b734e43dc0e0",
    "https://deno.land/x/cliffy@v1.0.0-rc.4/command/upgrade/_check_version.ts": "6cfa7dc26bc0dc46381500e8d4b130fb224f4c5456152dada15bd3793edca89b",
    "https://deno.land/x/cliffy@v1.0.0-rc.4/command/upgrade/mod.ts": "4eff69c489467be17dea27fb95a795396111ee385d170ac0cbcc82f0ea38156c",
    "https://deno.land/x/cliffy@v1.0.0-rc.4/command/upgrade/provider.ts": "c23253334097dc4b8a147ccdeb3aa44f5a95aa953a6386cb5396f830d95d77a5",
    "https://deno.land/x/cliffy@v1.0.0-rc.4/command/upgrade/provider/deno_land.ts": "24f8d82e38c51e09be989f30f8ad21f9dd41ac1bb1973b443a13883e8ba06d6d",
    "https://deno.land/x/cliffy@v1.0.0-rc.4/command/upgrade/provider/github.ts": "99e1b133dd446c6aa79f69e69c46eb8bc1c968dd331c2a7d4064514a317c7b59",
    "https://deno.land/x/cliffy@v1.0.0-rc.4/command/upgrade/provider/nest_land.ts": "0e07936cea04fa41ac9297f32d87f39152ea873970c54cb5b4934b12fee1885e",
    "https://deno.land/x/cliffy@v1.0.0-rc.4/command/upgrade/upgrade_command.ts": "27191f4b1ce93581b6d5ee2fff6003fe4fca437f476ecb98b6eae92f2b4d0716",
    "https://deno.land/x/cliffy@v1.0.0-rc.4/flags/_errors.ts": "f1fbb6bfa009e7950508c9d491cfb4a5551027d9f453389606adb3f2327d048f",
    "https://deno.land/x/cliffy@v1.0.0-rc.4/flags/_utils.ts": "25e519ce1f35acc8b43c75d1ca1c4ab591e7dab08327b7b408705b591e27d8bd",
    "https://deno.land/x/cliffy@v1.0.0-rc.4/flags/_validate_flags.ts": "e60b9038c0136ab7e6bd1baf0e993a07bf23f18afbfb6e12c59adf665a622957",
    "https://deno.land/x/cliffy@v1.0.0-rc.4/flags/deprecated.ts": "a72a35de3cc7314e5ebea605ca23d08385b218ef171c32a3f135fb4318b08126",
    "https://deno.land/x/cliffy@v1.0.0-rc.4/flags/deps.ts": "bed26afff36eeb25509440edec9d5d141b3411e08cc7a90e38a370969b5166bb",
    "https://deno.land/x/cliffy@v1.0.0-rc.4/flags/flags.ts": "3e62c4a9756b5705aada29e7e94847001356b3a83cd18ad56f4207387a71cf51",
    "https://deno.land/x/cliffy@v1.0.0-rc.4/flags/types.ts": "9e2f75edff2217d972fc711a21676a59dfd88378da2f1ace440ea84c07db1dcc",
    "https://deno.land/x/cliffy@v1.0.0-rc.4/flags/types/boolean.ts": "4c026dd66ec9c5436860dc6d0241427bdb8d8e07337ad71b33c08193428a2236",
    "https://deno.land/x/cliffy@v1.0.0-rc.4/flags/types/integer.ts": "b60d4d590f309ddddf066782d43e4dc3799f0e7d08e5ede7dc62a5ee94b9a6d9",
    "https://deno.land/x/cliffy@v1.0.0-rc.4/flags/types/number.ts": "610936e2d29de7c8c304b65489a75ebae17b005c6122c24e791fbed12444d51e",
    "https://deno.land/x/cliffy@v1.0.0-rc.4/flags/types/string.ts": "e89b6a5ce322f65a894edecdc48b44956ec246a1d881f03e97bbda90dd8638c5",
    "https://deno.land/x/cliffy@v1.0.0-rc.4/table/_layout.ts": "73a9bcb8a87b3a6817c4c9d2a31a21b874a7dd690ade1c64c9a1f066d628d626",
    "https://deno.land/x/cliffy@v1.0.0-rc.4/table/_utils.ts": "13390db3f11977b7a4fc1202fa8386be14696b475a7f46a65178354f9a6640b7",
    "https://deno.land/x/cliffy@v1.0.0-rc.4/table/border.ts": "5c6e9ef5078c6930169aacb668b274bdbb498461c724a7693ac9270fe9d3f5d5",
    "https://deno.land/x/cliffy@v1.0.0-rc.4/table/cell.ts": "65e3ee699c3cebeb4d4d44e8f156e37a8532a0f317359d73178a95724d3f9267",
    "https://deno.land/x/cliffy@v1.0.0-rc.4/table/column.ts": "cf14009f2cb14bad156f879946186c1893acdc6a2fee6845db152edddb6a2714",
    "https://deno.land/x/cliffy@v1.0.0-rc.4/table/consume_words.ts": "369d065dbf7f15c664ea8523e0ef750fb952aea6d88e146c375e64aec9503052",
    "https://deno.land/x/cliffy@v1.0.0-rc.4/table/deps.ts": "cbb896e8d7a6b5e3c2b9dda7d16638c202d9b46eb738c2dae1fa9480d8091486",
    "https://deno.land/x/cliffy@v1.0.0-rc.4/table/row.ts": "79eb1468aafdd951e5963898cdafe0752d4ab4c519d5f847f3d8ecb8fe857d4f",
    "https://deno.land/x/cliffy@v1.0.0-rc.4/table/table.ts": "298671e72e61f1ab18b42ae36643181993f79e29b39dc411fdc6ffd53aa04684"
  },
  "workspace": {
    "dependencies": [
      "jsr:@std/assert@1",
      "jsr:@std/dotenv@0.225.2",
      "jsr:@std/text@1.0.8",
      "npm:@solana/web3.js@2.0.0"
    ]
  }
}
